
Microsoft Visual Studio Solution File, Format Version 12.00
# Visual Studio Version 17
VisualStudioVersion = 17.5.33502.453
MinimumVisualStudioVersion = 10.0.40219.1
Project("{FAE04EC0-301F-11D3-BF4B-00C04F79EFBC}") = "Qotos", "Qotos.csproj", "{F12E6BAE-B4A7-4A8A-90D6-C2D9100B8616}"
EndProject
Global
	GlobalSection(SolutionConfigurationPlatforms) = preSolution
		Debug|Any CPU = Debug|Any CPU
		Release|Any CPU = Release|Any CPU
	EndGlobalSection
	GlobalSection(ProjectConfigurationPlatforms) = postSolution
		{F12E6BAE-B4A7-4A8A-90D6-C2D9100B8616}.Debug|Any CPU.ActiveCfg = Debug|Any CPU
		{F12E6BAE-B4A7-4A8A-90D6-C2D9100B8616}.Debug|Any CPU.Build.0 = Debug|Any CPU
		{F12E6BAE-B4A7-4A8A-90D6-C2D9100B8616}.Release|Any CPU.ActiveCfg = Release|Any CPU
		{F12E6BAE-B4A7-4A8A-90D6-C2D9100B8616}.Release|Any CPU.Build.0 = Release|Any CPU
	EndGlobalSection
	GlobalSection(SolutionProperties) = preSolution
		HideSolutionNode = FALSE
	EndGlobalSection
	GlobalSection(ExtensibilityGlobals) = postSolution
		SolutionGuid = {0D99BE2D-05A0-450E-9A84-CBB7BEB47CBE}
	EndGlobalSection
EndGlobal
